{
  "version": 4,
  "terraform_version": "1.5.7",
  "serial": 29,
  "lineage": "787f0bdc-39ef-5a04-f1b5-44875b449e93",
  "outputs": {},
  "resources": [
    {
      "module": "module.compute",
      "mode": "managed",
      "type": "google_container_cluster",
      "name": "gke_primary_cluster",
      "provider": "provider[\"registry.terraform.io/hashicorp/google\"]",
      "instances": [
        {
          "schema_version": 2,
          "attributes": {
            "addons_config": [
              {
                "cloudrun_config": [],
                "config_connector_config": [],
                "dns_cache_config": [],
                "gce_persistent_disk_csi_driver_config": [
                  {
                    "enabled": true
                  }
                ],
                "gcp_filestore_csi_driver_config": [],
                "gcs_fuse_csi_driver_config": [],
                "gke_backup_agent_config": [],
                "horizontal_pod_autoscaling": [],
                "http_load_balancing": [],
                "network_policy_config": [
                  {
                    "disabled": true
                  }
                ]
              }
            ],
            "allow_net_admin": null,
            "authenticator_groups_config": [],
            "binary_authorization": [
              {
                "enabled": false,
                "evaluation_mode": ""
              }
            ],
            "cluster_autoscaling": [
              {
                "auto_provisioning_defaults": [],
                "autoscaling_profile": "BALANCED",
                "enabled": false,
                "resource_limits": []
              }
            ],
            "cluster_ipv4_cidr": "10.11.0.0/21",
            "confidential_nodes": [],
            "cost_management_config": [],
            "database_encryption": [
              {
                "key_name": "",
                "state": "DECRYPTED"
              }
            ],
            "datapath_provider": "",
            "default_max_pods_per_node": 110,
            "default_snat_status": [
              {
                "disabled": false
              }
            ],
            "deletion_protection": false,
            "description": "",
            "dns_config": [],
            "enable_autopilot": false,
            "enable_intranode_visibility": false,
            "enable_k8s_beta_apis": [],
            "enable_kubernetes_alpha": false,
            "enable_l4_ilb_subsetting": false,
            "enable_legacy_abac": false,
            "enable_shielded_nodes": true,
            "enable_tpu": false,
            "endpoint": "34.28.143.24",
            "fleet": [],
            "gateway_api_config": [
              {
                "channel": "CHANNEL_STANDARD"
              }
            ],
            "id": "projects/chat-app-sami-id/locations/us-central1/clusters/go-chat",
            "identity_service_config": [],
            "initial_node_count": 1,
            "ip_allocation_policy": [
              {
                "additional_pod_ranges_config": [],
                "cluster_ipv4_cidr_block": "10.11.0.0/21",
                "cluster_secondary_range_name": "gke-go-chat-pods-96fb9cd6",
                "pod_cidr_overprovision_config": [
                  {
                    "disabled": false
                  }
                ],
                "services_ipv4_cidr_block": "10.12.0.0/21",
                "services_secondary_range_name": "gke-go-chat-services-96fb9cd6",
                "stack_type": "IPV4"
              }
            ],
            "label_fingerprint": "a9dc16a7",
            "location": "us-central1",
            "logging_config": [
              {
                "enable_components": [
                  "SYSTEM_COMPONENTS",
                  "WORKLOADS"
                ]
              }
            ],
            "logging_service": "logging.googleapis.com/kubernetes",
            "maintenance_policy": [],
            "master_auth": [
              {
                "client_certificate": "",
                "client_certificate_config": [
                  {
                    "issue_client_certificate": false
                  }
                ],
                "client_key": "",
                "cluster_ca_certificate": "LS0tLS1CRUdJTiBDRVJUSUZJQ0FURS0tLS0tCk1JSUVMVENDQXBXZ0F3SUJBZ0lSQU5zRi82eStMZXBSY0ltR3diRnZvYk13RFFZSktvWklodmNOQVFFTEJRQXcKTHpFdE1Dc0dBMVVFQXhNa01UQTBNemRoTldRdFpEZG1PUzAwTURJMUxXRTBObUV0TkRCa016UXhPR0V5TkRObApNQ0FYRFRJME1ETXdPVEU1TURnME5Gb1lEekl3TlRRd016QXlNakF3T0RRMFdqQXZNUzB3S3dZRFZRUURFeVF4Ck1EUXpOMkUxWkMxa04yWTVMVFF3TWpVdFlUUTJZUzAwTUdRek5ERTRZVEkwTTJVd2dnR2lNQTBHQ1NxR1NJYjMKRFFFQkFRVUFBNElCandBd2dnR0tBb0lCZ1FDeEV6cWhpK3VmRllIcTNCSmFlMTR4TDBKakhKZmluQ0RUdDM3Vgp1bC9UUENmcFZJRjlYWG85cktHN05PbG01ZnRmVHJ1VStUTEgyQjFrVkdlY0JIcStRWVBmcU5HdG9IN1FqcFhSClAyQXBqTmYraHJKckJEM0ttUDBFaVZOS29GemVkUHZxdHRZV0ZicDV5UFUyN2RXQ0JVOFRWNktnOGNKR0h5d2IKQ1dzQXVaUjREOUtrYmVveHc0OW4rUFVHK052Wk1wNDZZSVZpenNVdmhvL1UzT1FqVHlBcHQ5aFU5aHozVnRSNwptbDRDeWZBS3dETkVVSEFvRHRlVTBaYTVwQjFXMUYvY3Nnc3R1Nlp0OGJZQW53R3YzTk94L0VKWDUrQXcxNnZSCnVNZzVscjRsRkVtM29GN2k0eldac3BmTmo2SzNNLzNmZkdqeVNWN1QvSGl3R2NHcnhUZmg3OEZZekt5eWdDV20KR3FUVkN3VWhzd0JPejBtTEs1OXB0NWF4QlN4Vlc3ejZNY3diemZFK3BZM2FNZ1JqOHgzNDlua3VHWHlqR1FzNwp1dGlTUWNqelprY1drWUEwN2VON0QxQm5nUGJKQTBNMGpMYVQvMDVZTVowQnZ2b2tXdkJSdTlyNFFhb1FSd2kyCmt4V0RUVkJ4RDVLbmQ5cjI5U09oM1VPTGtVOENBd0VBQWFOQ01FQXdEZ1lEVlIwUEFRSC9CQVFEQWdJRU1BOEcKQTFVZEV3RUIvd1FGTUFNQkFmOHdIUVlEVlIwT0JCWUVGSS9IamtXQ2NSbXhkV2RWcms2SHZuR1UwR0NCTUEwRwpDU3FHU0liM0RRRUJDd1VBQTRJQmdRQVBkR3QvNndqTHJERmNlRDhYQ2FlTjU5cTkrZUNlNS9jUTZzdXdmNEFyCmNxcEhZSzFQYmVZVzZFYjZEakxCS0xudmJkU2JUSFNLdzF0YStSbXdDQUlGN1RmQ1JqMjZTS1AvRTRFUDRZUS8KSzJ6K1g5WlFWdjJoeWVUTmtUL096RjVFRmdySGZWT2RpTjhJOEl3L0UyZnNtaElqZ21hRVRnbk5WZUFNR1BEaQpXdGNCOXVHaCtpS1ROSTVuUkFZRlNxaDF6WllLb20zRjlSZ0RZNzVYa3Q5SjMvclc0YjB0aXlzUE1zdE9QOXpoClM4RHNxS2NQZ2wvS2RIYkZQUDk1QmtjVklKU001dEpzQStXZ2w4NTU1QUQzYktNRzJ5eUl3MnVLREo2eklJYUoKWmNUV3o5UXhBNlBkdVhpVTVpNmdTWWowSXdyVXdDckhSTHVudjUrRnNlK3A2ME45SXFEMjA5Y1hXNzVranJPSQp1OFd5WklkMDFwUGNFNHRoOEdxMkFZcnlGVTY1MmFQZWdSZit2elN5M1locUV6cU10SWZXZC84THpGSHFNZG04CmZSelY0VG5zWC9VSk04MjBkZXhxcjUvTy9jbUhCb0dqVTZWL1hEVlZpQjF5b3paOXRuK1BtcHBuWEsxOGlucXAKbFNCSEtxbDBqUFVuWG5FTGYxRlFBcWs9Ci0tLS0tRU5EIENFUlRJRklDQVRFLS0tLS0K"
              }
            ],
            "master_authorized_networks_config": [
              {
                "cidr_blocks": [
                  {
                    "cidr_block": "0.0.0.0/0",
                    "display_name": "public_access"
                  }
                ],
                "gcp_public_cidrs_access_enabled": true
              }
            ],
            "master_version": "1.27.8-gke.1067004",
            "mesh_certificates": [],
            "min_master_version": null,
            "monitoring_config": [
              {
                "advanced_datapath_observability_config": [
                  {
                    "enable_metrics": false,
                    "enable_relay": false,
                    "relay_mode": "DISABLED"
                  }
                ],
                "enable_components": [
                  "SYSTEM_COMPONENTS"
                ],
                "managed_prometheus": [
                  {
                    "enabled": true
                  }
                ]
              }
            ],
            "monitoring_service": "monitoring.googleapis.com/kubernetes",
            "name": "go-chat",
            "network": "projects/chat-app-sami-id/global/networks/go-chat-network",
            "network_policy": [
              {
                "enabled": false,
                "provider": "PROVIDER_UNSPECIFIED"
              }
            ],
            "networking_mode": "VPC_NATIVE",
            "node_config": [],
            "node_locations": [
              "us-central1-a",
              "us-central1-c",
              "us-central1-f"
            ],
            "node_pool": [],
            "node_pool_auto_config": [],
            "node_pool_defaults": [
              {
                "node_config_defaults": [
                  {
                    "logging_variant": "DEFAULT"
                  }
                ]
              }
            ],
            "node_version": "1.27.8-gke.1067004",
            "notification_config": [
              {
                "pubsub": [
                  {
                    "enabled": false,
                    "filter": [],
                    "topic": ""
                  }
                ]
              }
            ],
            "operation": null,
            "private_cluster_config": [
              {
                "enable_private_endpoint": false,
                "enable_private_nodes": false,
                "master_global_access_config": [
                  {
                    "enabled": false
                  }
                ],
                "master_ipv4_cidr_block": "",
                "peering_name": "",
                "private_endpoint": "10.1.0.8",
                "private_endpoint_subnetwork": "",
                "public_endpoint": "34.28.143.24"
              }
            ],
            "private_ipv6_google_access": "",
            "project": "chat-app-sami-id",
            "release_channel": [
              {
                "channel": "REGULAR"
              }
            ],
            "remove_default_node_pool": true,
            "resource_labels": null,
            "resource_usage_export_config": [],
            "security_posture_config": [
              {
                "mode": "BASIC",
                "vulnerability_mode": "VULNERABILITY_MODE_UNSPECIFIED"
              }
            ],
            "self_link": "https://container.googleapis.com/v1/projects/chat-app-sami-id/locations/us-central1/clusters/go-chat",
            "service_external_ips_config": [
              {
                "enabled": false
              }
            ],
            "services_ipv4_cidr": "10.12.0.0/21",
            "subnetwork": "projects/chat-app-sami-id/regions/us-central1/subnetworks/go-chat-subnet",
            "timeouts": null,
            "tpu_ipv4_cidr_block": "",
            "vertical_pod_autoscaling": [],
            "workload_identity_config": []
          },
          "sensitive_attributes": [],
          "private": "eyJlMmJmYjczMC1lY2FhLTExZTYtOGY4OC0zNDM2M2JjN2M0YzAiOnsiY3JlYXRlIjoyNDAwMDAwMDAwMDAwLCJkZWxldGUiOjI0MDAwMDAwMDAwMDAsInJlYWQiOjI0MDAwMDAwMDAwMDAsInVwZGF0ZSI6MzYwMDAwMDAwMDAwMH0sInNjaGVtYV92ZXJzaW9uIjoiMiJ9",
          "dependencies": [
            "module.network.google_compute_network.vpc",
            "module.network.google_compute_subnetwork.subnet"
          ]
        }
      ]
    },
    {
      "module": "module.compute",
      "mode": "managed",
      "type": "google_container_node_pool",
      "name": "node_pool",
      "provider": "provider[\"registry.terraform.io/hashicorp/google\"]",
      "instances": [
        {
          "schema_version": 1,
          "attributes": {
            "autoscaling": [],
            "cluster": "go-chat",
            "id": "projects/chat-app-sami-id/locations/us-central1/clusters/go-chat/nodePools/go-chat-node-pool",
            "initial_node_count": 1,
            "instance_group_urls": [
              "https://www.googleapis.com/compute/v1/projects/chat-app-sami-id/zones/us-central1-f/instanceGroupManagers/gke-go-chat-go-chat-node-pool-c9b4575e-grp",
              "https://www.googleapis.com/compute/v1/projects/chat-app-sami-id/zones/us-central1-c/instanceGroupManagers/gke-go-chat-go-chat-node-pool-14288cde-grp",
              "https://www.googleapis.com/compute/v1/projects/chat-app-sami-id/zones/us-central1-a/instanceGroupManagers/gke-go-chat-go-chat-node-pool-a930328e-grp"
            ],
            "location": "us-central1",
            "managed_instance_group_urls": [
              "https://www.googleapis.com/compute/v1/projects/chat-app-sami-id/zones/us-central1-f/instanceGroups/gke-go-chat-go-chat-node-pool-c9b4575e-grp",
              "https://www.googleapis.com/compute/v1/projects/chat-app-sami-id/zones/us-central1-c/instanceGroups/gke-go-chat-go-chat-node-pool-14288cde-grp",
              "https://www.googleapis.com/compute/v1/projects/chat-app-sami-id/zones/us-central1-a/instanceGroups/gke-go-chat-go-chat-node-pool-a930328e-grp"
            ],
            "management": [
              {
                "auto_repair": true,
                "auto_upgrade": true
              }
            ],
            "max_pods_per_node": 110,
            "name": "go-chat-node-pool",
            "name_prefix": "",
            "network_config": [
              {
                "create_pod_range": false,
                "enable_private_nodes": false,
                "network_performance_config": [],
                "pod_cidr_overprovision_config": [],
                "pod_ipv4_cidr_block": "10.11.0.0/21",
                "pod_range": "gke-go-chat-pods-96fb9cd6"
              }
            ],
            "node_config": [
              {
                "advanced_machine_features": [],
                "boot_disk_kms_key": "",
                "confidential_nodes": [],
                "disk_size_gb": 20,
                "disk_type": "pd-balanced",
                "effective_taints": [],
                "enable_confidential_storage": false,
                "ephemeral_storage_local_ssd_config": [],
                "fast_socket": [],
                "gcfs_config": [],
                "guest_accelerator": [],
                "gvnic": [],
                "host_maintenance_policy": [],
                "image_type": "COS_CONTAINERD",
                "kubelet_config": [],
                "labels": {},
                "linux_node_config": [],
                "local_nvme_ssd_block_config": [],
                "local_ssd_count": 0,
                "logging_variant": "DEFAULT",
                "machine_type": "e2-medium",
                "metadata": {
                  "disable-legacy-endpoints": "true"
                },
                "min_cpu_platform": "",
                "node_group": "",
                "oauth_scopes": [
                  "https://www.googleapis.com/auth/cloud-platform"
                ],
                "preemptible": false,
                "reservation_affinity": [],
                "resource_labels": null,
                "resource_manager_tags": null,
                "service_account": "gke-service-account@chat-app-sami-id.iam.gserviceaccount.com",
                "shielded_instance_config": [
                  {
                    "enable_integrity_monitoring": true,
                    "enable_secure_boot": false
                  }
                ],
                "sole_tenant_config": [],
                "spot": false,
                "tags": null,
                "taint": [],
                "workload_metadata_config": []
              }
            ],
            "node_count": 1,
            "node_locations": [
              "us-central1-a",
              "us-central1-c",
              "us-central1-f"
            ],
            "operation": null,
            "placement_policy": [],
            "project": "chat-app-sami-id",
            "timeouts": null,
            "upgrade_settings": [
              {
                "blue_green_settings": [],
                "max_surge": 1,
                "max_unavailable": 0,
                "strategy": "SURGE"
              }
            ],
            "version": "1.27.8-gke.1067004"
          },
          "sensitive_attributes": [],
          "private": "eyJlMmJmYjczMC1lY2FhLTExZTYtOGY4OC0zNDM2M2JjN2M0YzAiOnsiY3JlYXRlIjoxODAwMDAwMDAwMDAwLCJkZWxldGUiOjE4MDAwMDAwMDAwMDAsInVwZGF0ZSI6MTgwMDAwMDAwMDAwMH0sInNjaGVtYV92ZXJzaW9uIjoiMSJ9",
          "dependencies": [
            "module.compute.google_container_cluster.gke_primary_cluster",
            "module.compute.google_service_account.gke_service_account",
            "module.network.google_compute_network.vpc",
            "module.network.google_compute_subnetwork.subnet"
          ]
        }
      ]
    },
    {
      "module": "module.compute",
      "mode": "managed",
      "type": "google_service_account",
      "name": "gke_service_account",
      "provider": "provider[\"registry.terraform.io/hashicorp/google\"]",
      "instances": [
        {
          "schema_version": 0,
          "attributes": {
            "account_id": "gke-service-account",
            "create_ignore_already_exists": null,
            "description": "",
            "disabled": false,
            "display_name": "gke",
            "email": "gke-service-account@chat-app-sami-id.iam.gserviceaccount.com",
            "id": "projects/chat-app-sami-id/serviceAccounts/gke-service-account@chat-app-sami-id.iam.gserviceaccount.com",
            "member": "serviceAccount:gke-service-account@chat-app-sami-id.iam.gserviceaccount.com",
            "name": "projects/chat-app-sami-id/serviceAccounts/gke-service-account@chat-app-sami-id.iam.gserviceaccount.com",
            "project": "chat-app-sami-id",
            "timeouts": null,
            "unique_id": "112060495570644091098"
          },
          "sensitive_attributes": [],
          "private": "eyJlMmJmYjczMC1lY2FhLTExZTYtOGY4OC0zNDM2M2JjN2M0YzAiOnsiY3JlYXRlIjozMDAwMDAwMDAwMDB9fQ==",
          "dependencies": [
            "module.network.google_compute_network.vpc",
            "module.network.google_compute_subnetwork.subnet"
          ]
        }
      ]
    },
    {
      "module": "module.network",
      "mode": "managed",
      "type": "google_compute_network",
      "name": "vpc",
      "provider": "provider[\"registry.terraform.io/hashicorp/google\"]",
      "instances": [
        {
          "schema_version": 0,
          "attributes": {
            "auto_create_subnetworks": false,
            "delete_default_routes_on_create": false,
            "description": "",
            "enable_ula_internal_ipv6": false,
            "gateway_ipv4": "",
            "id": "projects/chat-app-sami-id/global/networks/go-chat-network",
            "internal_ipv6_range": "",
            "mtu": 0,
            "name": "go-chat-network",
            "network_firewall_policy_enforcement_order": "AFTER_CLASSIC_FIREWALL",
            "numeric_id": "8523487628551930668",
            "project": "chat-app-sami-id",
            "routing_mode": "REGIONAL",
            "self_link": "https://www.googleapis.com/compute/v1/projects/chat-app-sami-id/global/networks/go-chat-network",
            "timeouts": null
          },
          "sensitive_attributes": [],
          "private": "eyJlMmJmYjczMC1lY2FhLTExZTYtOGY4OC0zNDM2M2JjN2M0YzAiOnsiY3JlYXRlIjoxMjAwMDAwMDAwMDAwLCJkZWxldGUiOjEyMDAwMDAwMDAwMDAsInVwZGF0ZSI6MTIwMDAwMDAwMDAwMH19"
        }
      ]
    },
    {
      "module": "module.network",
      "mode": "managed",
      "type": "google_compute_subnetwork",
      "name": "subnet",
      "provider": "provider[\"registry.terraform.io/hashicorp/google\"]",
      "instances": [
        {
          "schema_version": 0,
          "attributes": {
            "creation_timestamp": "2024-03-08T22:12:42.926-08:00",
            "description": "",
            "external_ipv6_prefix": "",
            "fingerprint": null,
            "gateway_address": "10.1.0.1",
            "id": "projects/chat-app-sami-id/regions/us-central1/subnetworks/go-chat-subnet",
            "internal_ipv6_prefix": "",
            "ip_cidr_range": "10.1.0.0/24",
            "ipv6_access_type": "",
            "ipv6_cidr_range": "",
            "log_config": [],
            "name": "go-chat-subnet",
            "network": "https://www.googleapis.com/compute/v1/projects/chat-app-sami-id/global/networks/go-chat-network",
            "private_ip_google_access": true,
            "private_ipv6_google_access": "DISABLE_GOOGLE_ACCESS",
            "project": "chat-app-sami-id",
            "purpose": "PRIVATE",
            "region": "us-central1",
            "role": "",
            "secondary_ip_range": [
              {
                "ip_cidr_range": "10.2.0.0/24",
                "range_name": "gke-secondary-range"
              }
            ],
            "self_link": "https://www.googleapis.com/compute/v1/projects/chat-app-sami-id/regions/us-central1/subnetworks/go-chat-subnet",
            "stack_type": "IPV4_ONLY",
            "timeouts": null
          },
          "sensitive_attributes": [],
          "private": "eyJlMmJmYjczMC1lY2FhLTExZTYtOGY4OC0zNDM2M2JjN2M0YzAiOnsiY3JlYXRlIjoxMjAwMDAwMDAwMDAwLCJkZWxldGUiOjEyMDAwMDAwMDAwMDAsInVwZGF0ZSI6MTIwMDAwMDAwMDAwMH19",
          "dependencies": [
            "module.network.google_compute_network.vpc"
          ]
        }
      ]
    }
  ],
  "check_results": null
}
